// !$*UTF8*$!
{
	archiveVersion = 1;
	classes = {
	};
	objectVersion = 55;
	objects = {

/* Begin PBXBuildFile section */
		7F209F49278182F300ACD8AC /* AppDelegate.swift in Sources */ = {isa = PBXBuildFile; fileRef = 7F209F48278182F300ACD8AC /* AppDelegate.swift */; };
		7F209F4B278182F300ACD8AC /* SceneDelegate.swift in Sources */ = {isa = PBXBuildFile; fileRef = 7F209F4A278182F300ACD8AC /* SceneDelegate.swift */; };
		7F209F4D278182F300ACD8AC /* HomeViewController.swift in Sources */ = {isa = PBXBuildFile; fileRef = 7F209F4C278182F300ACD8AC /* HomeViewController.swift */; };
		7F209F52278182FC00ACD8AC /* Assets.xcassets in Resources */ = {isa = PBXBuildFile; fileRef = 7F209F51278182FC00ACD8AC /* Assets.xcassets */; };
		7F209F55278182FC00ACD8AC /* LaunchScreen.storyboard in Resources */ = {isa = PBXBuildFile; fileRef = 7F209F53278182FC00ACD8AC /* LaunchScreen.storyboard */; };
		7F209F632781887500ACD8AC /* TabBarViewController.swift in Sources */ = {isa = PBXBuildFile; fileRef = 7F209F622781887500ACD8AC /* TabBarViewController.swift */; };
		7F209F65278188AA00ACD8AC /* LibraryViewController.swift in Sources */ = {isa = PBXBuildFile; fileRef = 7F209F64278188AA00ACD8AC /* LibraryViewController.swift */; };
		7F209F67278188E100ACD8AC /* SearchViewController.swift in Sources */ = {isa = PBXBuildFile; fileRef = 7F209F66278188E100ACD8AC /* SearchViewController.swift */; };
		7F209F6B2781894400ACD8AC /* AuthViewController.swift in Sources */ = {isa = PBXBuildFile; fileRef = 7F209F6A2781894400ACD8AC /* AuthViewController.swift */; };
		7F209F6D2781895800ACD8AC /* WelcomeViewController.swift in Sources */ = {isa = PBXBuildFile; fileRef = 7F209F6C2781895800ACD8AC /* WelcomeViewController.swift */; };
		7F209F6F2781896C00ACD8AC /* SettingViewController.swift in Sources */ = {isa = PBXBuildFile; fileRef = 7F209F6E2781896C00ACD8AC /* SettingViewController.swift */; };
		7F209F712781897800ACD8AC /* ProfileViewController.swift in Sources */ = {isa = PBXBuildFile; fileRef = 7F209F702781897800ACD8AC /* ProfileViewController.swift */; };
		7F209F732781898300ACD8AC /* PlayerViewController.swift in Sources */ = {isa = PBXBuildFile; fileRef = 7F209F722781898300ACD8AC /* PlayerViewController.swift */; };
		7F209F752781899000ACD8AC /* PlaylistViewController.swift in Sources */ = {isa = PBXBuildFile; fileRef = 7F209F742781899000ACD8AC /* PlaylistViewController.swift */; };
		7F209F77278189A500ACD8AC /* SearchResultsViewController.swift in Sources */ = {isa = PBXBuildFile; fileRef = 7F209F76278189A500ACD8AC /* SearchResultsViewController.swift */; };
		7F209F79278189CE00ACD8AC /* AuthManager.swift in Sources */ = {isa = PBXBuildFile; fileRef = 7F209F78278189CE00ACD8AC /* AuthManager.swift */; };
		7F209F7B278189E700ACD8AC /* APICaller.swift in Sources */ = {isa = PBXBuildFile; fileRef = 7F209F7A278189E700ACD8AC /* APICaller.swift */; };
		7F209F7D278189FD00ACD8AC /* HapticsManager.swift in Sources */ = {isa = PBXBuildFile; fileRef = 7F209F7C278189FC00ACD8AC /* HapticsManager.swift */; };
		7F209F7F27818A1700ACD8AC /* Playlist.swift in Sources */ = {isa = PBXBuildFile; fileRef = 7F209F7E27818A1700ACD8AC /* Playlist.swift */; };
		7F209F8127818A2100ACD8AC /* AudioTrack.swift in Sources */ = {isa = PBXBuildFile; fileRef = 7F209F8027818A2100ACD8AC /* AudioTrack.swift */; };
		7F209F8327818A3000ACD8AC /* Artist.swift in Sources */ = {isa = PBXBuildFile; fileRef = 7F209F8227818A3000ACD8AC /* Artist.swift */; };
		7F209F8527818A4000ACD8AC /* UserProfile.swift in Sources */ = {isa = PBXBuildFile; fileRef = 7F209F8427818A4000ACD8AC /* UserProfile.swift */; };
/* End PBXBuildFile section */

/* Begin PBXFileReference section */
		7F209F45278182F300ACD8AC /* Spotify.app */ = {isa = PBXFileReference; explicitFileType = wrapper.application; includeInIndex = 0; path = Spotify.app; sourceTree = BUILT_PRODUCTS_DIR; };
		7F209F48278182F300ACD8AC /* AppDelegate.swift */ = {isa = PBXFileReference; lastKnownFileType = sourcecode.swift; path = AppDelegate.swift; sourceTree = "<group>"; };
		7F209F4A278182F300ACD8AC /* SceneDelegate.swift */ = {isa = PBXFileReference; lastKnownFileType = sourcecode.swift; path = SceneDelegate.swift; sourceTree = "<group>"; };
		7F209F4C278182F300ACD8AC /* HomeViewController.swift */ = {isa = PBXFileReference; lastKnownFileType = sourcecode.swift; path = HomeViewController.swift; sourceTree = "<group>"; };
		7F209F51278182FC00ACD8AC /* Assets.xcassets */ = {isa = PBXFileReference; lastKnownFileType = folder.assetcatalog; path = Assets.xcassets; sourceTree = "<group>"; };
		7F209F54278182FC00ACD8AC /* Base */ = {isa = PBXFileReference; lastKnownFileType = file.storyboard; name = Base; path = Base.lproj/LaunchScreen.storyboard; sourceTree = "<group>"; };
		7F209F56278182FC00ACD8AC /* Info.plist */ = {isa = PBXFileReference; lastKnownFileType = text.plist.xml; path = Info.plist; sourceTree = "<group>"; };
		7F209F622781887500ACD8AC /* TabBarViewController.swift */ = {isa = PBXFileReference; lastKnownFileType = sourcecode.swift; path = TabBarViewController.swift; sourceTree = "<group>"; };
		7F209F64278188AA00ACD8AC /* LibraryViewController.swift */ = {isa = PBXFileReference; lastKnownFileType = sourcecode.swift; path = LibraryViewController.swift; sourceTree = "<group>"; };
		7F209F66278188E100ACD8AC /* SearchViewController.swift */ = {isa = PBXFileReference; lastKnownFileType = sourcecode.swift; path = SearchViewController.swift; sourceTree = "<group>"; };
		7F209F6A2781894400ACD8AC /* AuthViewController.swift */ = {isa = PBXFileReference; lastKnownFileType = sourcecode.swift; path = AuthViewController.swift; sourceTree = "<group>"; };
		7F209F6C2781895800ACD8AC /* WelcomeViewController.swift */ = {isa = PBXFileReference; lastKnownFileType = sourcecode.swift; path = WelcomeViewController.swift; sourceTree = "<group>"; };
		7F209F6E2781896C00ACD8AC /* SettingViewController.swift */ = {isa = PBXFileReference; lastKnownFileType = sourcecode.swift; path = SettingViewController.swift; sourceTree = "<group>"; };
		7F209F702781897800ACD8AC /* ProfileViewController.swift */ = {isa = PBXFileReference; lastKnownFileType = sourcecode.swift; path = ProfileViewController.swift; sourceTree = "<group>"; };
		7F209F722781898300ACD8AC /* PlayerViewController.swift */ = {isa = PBXFileReference; lastKnownFileType = sourcecode.swift; path = PlayerViewController.swift; sourceTree = "<group>"; };
		7F209F742781899000ACD8AC /* PlaylistViewController.swift */ = {isa = PBXFileReference; lastKnownFileType = sourcecode.swift; path = PlaylistViewController.swift; sourceTree = "<group>"; };
		7F209F76278189A500ACD8AC /* SearchResultsViewController.swift */ = {isa = PBXFileReference; lastKnownFileType = sourcecode.swift; path = SearchResultsViewController.swift; sourceTree = "<group>"; };
		7F209F78278189CE00ACD8AC /* AuthManager.swift */ = {isa = PBXFileReference; lastKnownFileType = sourcecode.swift; path = AuthManager.swift; sourceTree = "<group>"; };
		7F209F7A278189E700ACD8AC /* APICaller.swift */ = {isa = PBXFileReference; lastKnownFileType = sourcecode.swift; path = APICaller.swift; sourceTree = "<group>"; };
		7F209F7C278189FC00ACD8AC /* HapticsManager.swift */ = {isa = PBXFileReference; lastKnownFileType = sourcecode.swift; path = HapticsManager.swift; sourceTree = "<group>"; };
		7F209F7E27818A1700ACD8AC /* Playlist.swift */ = {isa = PBXFileReference; lastKnownFileType = sourcecode.swift; path = Playlist.swift; sourceTree = "<group>"; };
		7F209F8027818A2100ACD8AC /* AudioTrack.swift */ = {isa = PBXFileReference; lastKnownFileType = sourcecode.swift; path = AudioTrack.swift; sourceTree = "<group>"; };
		7F209F8227818A3000ACD8AC /* Artist.swift */ = {isa = PBXFileReference; lastKnownFileType = sourcecode.swift; path = Artist.swift; sourceTree = "<group>"; };
		7F209F8427818A4000ACD8AC /* UserProfile.swift */ = {isa = PBXFileReference; lastKnownFileType = sourcecode.swift; path = UserProfile.swift; sourceTree = "<group>"; };
/* End PBXFileReference section */

/* Begin PBXFrameworksBuildPhase section */
		7F209F42278182F300ACD8AC /* Frameworks */ = {
			isa = PBXFrameworksBuildPhase;
			buildActionMask = 2147483647;
			files = (
			);
			runOnlyForDeploymentPostprocessing = 0;
		};
/* End PBXFrameworksBuildPhase section */

/* Begin PBXGroup section */
		7F209F3C278182F300ACD8AC = {
			isa = PBXGroup;
			children = (
				7F209F47278182F300ACD8AC /* Spotify */,
				7F209F46278182F300ACD8AC /* Products */,
			);
			sourceTree = "<group>";
		};
		7F209F46278182F300ACD8AC /* Products */ = {
			isa = PBXGroup;
			children = (
				7F209F45278182F300ACD8AC /* Spotify.app */,
			);
			name = Products;
			sourceTree = "<group>";
		};
		7F209F47278182F300ACD8AC /* Spotify */ = {
			isa = PBXGroup;
			children = (
				7F209F5E278183C100ACD8AC /* Controllers */,
				7F209F61278183F600ACD8AC /* Resources */,
				7F209F60278183EE00ACD8AC /* Managers */,
				7F209F5F278183D700ACD8AC /* View */,
				7F209F5D278183B700ACD8AC /* Models */,
				7F209F5C278183AC00ACD8AC /* ViewModels */,
				7F209F56278182FC00ACD8AC /* Info.plist */,
			);
			path = Spotify;
			sourceTree = "<group>";
		};
		7F209F5C278183AC00ACD8AC /* ViewModels */ = {
			isa = PBXGroup;
			children = (
			);
			path = ViewModels;
			sourceTree = "<group>";
		};
		7F209F5D278183B700ACD8AC /* Models */ = {
			isa = PBXGroup;
			children = (
				7F209F7E27818A1700ACD8AC /* Playlist.swift */,
				7F209F8027818A2100ACD8AC /* AudioTrack.swift */,
				7F209F8227818A3000ACD8AC /* Artist.swift */,
				7F209F8427818A4000ACD8AC /* UserProfile.swift */,
			);
			path = Models;
			sourceTree = "<group>";
		};
		7F209F5E278183C100ACD8AC /* Controllers */ = {
			isa = PBXGroup;
			children = (
				7F209F692781891200ACD8AC /* Other */,
				7F209F68278188FB00ACD8AC /* Core */,
			);
			path = Controllers;
			sourceTree = "<group>";
		};
		7F209F5F278183D700ACD8AC /* View */ = {
			isa = PBXGroup;
			children = (
				7F209F53278182FC00ACD8AC /* LaunchScreen.storyboard */,
			);
			path = View;
			sourceTree = "<group>";
		};
		7F209F60278183EE00ACD8AC /* Managers */ = {
			isa = PBXGroup;
			children = (
				7F209F78278189CE00ACD8AC /* AuthManager.swift */,
				7F209F7A278189E700ACD8AC /* APICaller.swift */,
				7F209F7C278189FC00ACD8AC /* HapticsManager.swift */,
			);
			path = Managers;
			sourceTree = "<group>";
		};
		7F209F61278183F600ACD8AC /* Resources */ = {
			isa = PBXGroup;
			children = (
				7F209F51278182FC00ACD8AC /* Assets.xcassets */,
				7F209F48278182F300ACD8AC /* AppDelegate.swift */,
				7F209F4A278182F300ACD8AC /* SceneDelegate.swift */,
			);
			path = Resources;
			sourceTree = "<group>";
		};
		7F209F68278188FB00ACD8AC /* Core */ = {
			isa = PBXGroup;
			children = (
				7F209F4C278182F300ACD8AC /* HomeViewController.swift */,
				7F209F622781887500ACD8AC /* TabBarViewController.swift */,
				7F209F64278188AA00ACD8AC /* LibraryViewController.swift */,
				7F209F66278188E100ACD8AC /* SearchViewController.swift */,
			);
			path = Core;
			sourceTree = "<group>";
		};
		7F209F692781891200ACD8AC /* Other */ = {
			isa = PBXGroup;
			children = (
				7F209F6A2781894400ACD8AC /* AuthViewController.swift */,
				7F209F6C2781895800ACD8AC /* WelcomeViewController.swift */,
				7F209F6E2781896C00ACD8AC /* SettingViewController.swift */,
				7F209F702781897800ACD8AC /* ProfileViewController.swift */,
				7F209F722781898300ACD8AC /* PlayerViewController.swift */,
				7F209F742781899000ACD8AC /* PlaylistViewController.swift */,
				7F209F76278189A500ACD8AC /* SearchResultsViewController.swift */,
			);
			path = Other;
			sourceTree = "<group>";
		};
/* End PBXGroup section */

/* Begin PBXNativeTarget section */
		7F209F44278182F300ACD8AC /* Spotify */ = {
			isa = PBXNativeTarget;
			buildConfigurationList = 7F209F59278182FC00ACD8AC /* Build configuration list for PBXNativeTarget "Spotify" */;
			buildPhases = (
				7F209F41278182F300ACD8AC /* Sources */,
				7F209F42278182F300ACD8AC /* Frameworks */,
				7F209F43278182F300ACD8AC /* Resources */,
			);
			buildRules = (
			);
			dependencies = (
			);
			name = Spotify;
			productName = Spotify;
			productReference = 7F209F45278182F300ACD8AC /* Spotify.app */;
			productType = "com.apple.product-type.application";
		};
/* End PBXNativeTarget section */

/* Begin PBXProject section */
		7F209F3D278182F300ACD8AC /* Project object */ = {
			isa = PBXProject;
			attributes = {
				BuildIndependentTargetsInParallel = 1;
				LastSwiftUpdateCheck = 1310;
				LastUpgradeCheck = 1310;
				TargetAttributes = {
					7F209F44278182F300ACD8AC = {
						CreatedOnToolsVersion = 13.1;
					};
				};
			};
			buildConfigurationList = 7F209F40278182F300ACD8AC /* Build configuration list for PBXProject "Spotify" */;
			compatibilityVersion = "Xcode 13.0";
			developmentRegion = en;
			hasScannedForEncodings = 0;
			knownRegions = (
				en,
				Base,
			);
			mainGroup = 7F209F3C278182F300ACD8AC;
			productRefGroup = 7F209F46278182F300ACD8AC /* Products */;
			projectDirPath = "";
			projectRoot = "";
			targets = (
				7F209F44278182F300ACD8AC /* Spotify */,
			);
		};
/* End PBXProject section */

/* Begin PBXResourcesBuildPhase section */
		7F209F43278182F300ACD8AC /* Resources */ = {
			isa = PBXResourcesBuildPhase;
			buildActionMask = 2147483647;
			files = (
				7F209F55278182FC00ACD8AC /* LaunchScreen.storyboard in Resources */,
				7F209F52278182FC00ACD8AC /* Assets.xcassets in Resources */,
			);
			runOnlyForDeploymentPostprocessing = 0;
		};
/* End PBXResourcesBuildPhase section */

/* Begin PBXSourcesBuildPhase section */
		7F209F41278182F300ACD8AC /* Sources */ = {
			isa = PBXSourcesBuildPhase;
			buildActionMask = 2147483647;
			files = (
				7F209F67278188E100ACD8AC /* SearchViewController.swift in Sources */,
				7F209F7F27818A1700ACD8AC /* Playlist.swift in Sources */,
				7F209F79278189CE00ACD8AC /* AuthManager.swift in Sources */,
				7F209F77278189A500ACD8AC /* SearchResultsViewController.swift in Sources */,
				7F209F6D2781895800ACD8AC /* WelcomeViewController.swift in Sources */,
				7F209F712781897800ACD8AC /* ProfileViewController.swift in Sources */,
				7F209F632781887500ACD8AC /* TabBarViewController.swift in Sources */,
				7F209F7D278189FD00ACD8AC /* HapticsManager.swift in Sources */,
				7F209F8127818A2100ACD8AC /* AudioTrack.swift in Sources */,
				7F209F65278188AA00ACD8AC /* LibraryViewController.swift in Sources */,
				7F209F6B2781894400ACD8AC /* AuthViewController.swift in Sources */,
				7F209F6F2781896C00ACD8AC /* SettingViewController.swift in Sources */,
				7F209F8527818A4000ACD8AC /* UserProfile.swift in Sources */,
				7F209F4D278182F300ACD8AC /* HomeViewController.swift in Sources */,
				7F209F8327818A3000ACD8AC /* Artist.swift in Sources */,
				7F209F752781899000ACD8AC /* PlaylistViewController.swift in Sources */,
				7F209F49278182F300ACD8AC /* AppDelegate.swift in Sources */,
				7F209F732781898300ACD8AC /* PlayerViewController.swift in Sources */,
				7F209F7B278189E700ACD8AC /* APICaller.swift in Sources */,
				7F209F4B278182F300ACD8AC /* SceneDelegate.swift in Sources */,
			);
			runOnlyForDeploymentPostprocessing = 0;
		};
/* End PBXSourcesBuildPhase section */

/* Begin PBXVariantGroup section */
		7F209F53278182FC00ACD8AC /* LaunchScreen.storyboard */ = {
			isa = PBXVariantGroup;
			children = (
				7F209F54278182FC00ACD8AC /* Base */,
			);
			name = LaunchScreen.storyboard;
			sourceTree = "<group>";
		};
/* End PBXVariantGroup section */

/* Begin XCBuildConfiguration section */
		7F209F57278182FC00ACD8AC /* Debug */ = {
			isa = XCBuildConfiguration;
			buildSettings = {
				ALWAYS_SEARCH_USER_PATHS = NO;
				CLANG_ANALYZER_NONNULL = YES;
				CLANG_ANALYZER_NUMBER_OBJECT_CONVERSION = YES_AGGRESSIVE;
				CLANG_CXX_LANGUAGE_STANDARD = "gnu++17";
				CLANG_CXX_LIBRARY = "libc++";
				CLANG_ENABLE_MODULES = YES;
				CLANG_ENABLE_OBJC_ARC = YES;
				CLANG_ENABLE_OBJC_WEAK = YES;
				CLANG_WARN_BLOCK_CAPTURE_AUTORELEASING = YES;
				CLANG_WARN_BOOL_CONVERSION = YES;
				CLANG_WARN_COMMA = YES;
				CLANG_WARN_CONSTANT_CONVERSION = YES;
				CLANG_WARN_DEPRECATED_OBJC_IMPLEMENTATIONS = YES;
				CLANG_WARN_DIRECT_OBJC_ISA_USAGE = YES_ERROR;
				CLANG_WARN_DOCUMENTATION_COMMENTS = YES;
				CLANG_WARN_EMPTY_BODY = YES;
				CLANG_WARN_ENUM_CONVERSION = YES;
				CLANG_WARN_INFINITE_RECURSION = YES;
				CLANG_WARN_INT_CONVERSION = YES;
				CLANG_WARN_NON_LITERAL_NULL_CONVERSION = YES;
				CLANG_WARN_OBJC_IMPLICIT_RETAIN_SELF = YES;
				CLANG_WARN_OBJC_LITERAL_CONVERSION = YES;
				CLANG_WARN_OBJC_ROOT_CLASS = YES_ERROR;
				CLANG_WARN_QUOTED_INCLUDE_IN_FRAMEWORK_HEADER = YES;
				CLANG_WARN_RANGE_LOOP_ANALYSIS = YES;
				CLANG_WARN_STRICT_PROTOTYPES = YES;
				CLANG_WARN_SUSPICIOUS_MOVE = YES;
				CLANG_WARN_UNGUARDED_AVAILABILITY = YES_AGGRESSIVE;
				CLANG_WARN_UNREACHABLE_CODE = YES;
				CLANG_WARN__DUPLICATE_METHOD_MATCH = YES;
				COPY_PHASE_STRIP = NO;
				DEBUG_INFORMATION_FORMAT = dwarf;
				ENABLE_STRICT_OBJC_MSGSEND = YES;
				ENABLE_TESTABILITY = YES;
				GCC_C_LANGUAGE_STANDARD = gnu11;
				GCC_DYNAMIC_NO_PIC = NO;
				GCC_NO_COMMON_BLOCKS = YES;
				GCC_OPTIMIZATION_LEVEL = 0;
				GCC_PREPROCESSOR_DEFINITIONS = (
					"DEBUG=1",
					"$(inherited)",
				);
				GCC_WARN_64_TO_32_BIT_CONVERSION = YES;
				GCC_WARN_ABOUT_RETURN_TYPE = YES_ERROR;
				GCC_WARN_UNDECLARED_SELECTOR = YES;
				GCC_WARN_UNINITIALIZED_AUTOS = YES_AGGRESSIVE;
				GCC_WARN_UNUSED_FUNCTION = YES;
				GCC_WARN_UNUSED_VARIABLE = YES;
				IPHONEOS_DEPLOYMENT_TARGET = 15.0;
				MTL_ENABLE_DEBUG_INFO = INCLUDE_SOURCE;
				MTL_FAST_MATH = YES;
				ONLY_ACTIVE_ARCH = YES;
				SDKROOT = iphoneos;
				SWIFT_ACTIVE_COMPILATION_CONDITIONS = DEBUG;
				SWIFT_OPTIMIZATION_LEVEL = "-Onone";
			};
			name = Debug;
		};
		7F209F58278182FC00ACD8AC /* Release */ = {
			isa = XCBuildConfiguration;
			buildSettings = {
				ALWAYS_SEARCH_USER_PATHS = NO;
				CLANG_ANALYZER_NONNULL = YES;
				CLANG_ANALYZER_NUMBER_OBJECT_CONVERSION = YES_AGGRESSIVE;
				CLANG_CXX_LANGUAGE_STANDARD = "gnu++17";
				CLANG_CXX_LIBRARY = "libc++";
				CLANG_ENABLE_MODULES = YES;
				CLANG_ENABLE_OBJC_ARC = YES;
				CLANG_ENABLE_OBJC_WEAK = YES;
				CLANG_WARN_BLOCK_CAPTURE_AUTORELEASING = YES;
				CLANG_WARN_BOOL_CONVERSION = YES;
				CLANG_WARN_COMMA = YES;
				CLANG_WARN_CONSTANT_CONVERSION = YES;
				CLANG_WARN_DEPRECATED_OBJC_IMPLEMENTATIONS = YES;
				CLANG_WARN_DIRECT_OBJC_ISA_USAGE = YES_ERROR;
				CLANG_WARN_DOCUMENTATION_COMMENTS = YES;
				CLANG_WARN_EMPTY_BODY = YES;
				CLANG_WARN_ENUM_CONVERSION = YES;
				CLANG_WARN_INFINITE_RECURSION = YES;
				CLANG_WARN_INT_CONVERSION = YES;
				CLANG_WARN_NON_LITERAL_NULL_CONVERSION = YES;
				CLANG_WARN_OBJC_IMPLICIT_RETAIN_SELF = YES;
				CLANG_WARN_OBJC_LITERAL_CONVERSION = YES;
				CLANG_WARN_OBJC_ROOT_CLASS = YES_ERROR;
				CLANG_WARN_QUOTED_INCLUDE_IN_FRAMEWORK_HEADER = YES;
				CLANG_WARN_RANGE_LOOP_ANALYSIS = YES;
				CLANG_WARN_STRICT_PROTOTYPES = YES;
				CLANG_WARN_SUSPICIOUS_MOVE = YES;
				CLANG_WARN_UNGUARDED_AVAILABILITY = YES_AGGRESSIVE;
				CLANG_WARN_UNREACHABLE_CODE = YES;
				CLANG_WARN__DUPLICATE_METHOD_MATCH = YES;
				COPY_PHASE_STRIP = NO;
				DEBUG_INFORMATION_FORMAT = "dwarf-with-dsym";
				ENABLE_NS_ASSERTIONS = NO;
				ENABLE_STRICT_OBJC_MSGSEND = YES;
				GCC_C_LANGUAGE_STANDARD = gnu11;
				GCC_NO_COMMON_BLOCKS = YES;
				GCC_WARN_64_TO_32_BIT_CONVERSION = YES;
				GCC_WARN_ABOUT_RETURN_TYPE = YES_ERROR;
				GCC_WARN_UNDECLARED_SELECTOR = YES;
				GCC_WARN_UNINITIALIZED_AUTOS = YES_AGGRESSIVE;
				GCC_WARN_UNUSED_FUNCTION = YES;
				GCC_WARN_UNUSED_VARIABLE = YES;
				IPHONEOS_DEPLOYMENT_TARGET = 15.0;
				MTL_ENABLE_DEBUG_INFO = NO;
				MTL_FAST_MATH = YES;
				SDKROOT = iphoneos;
				SWIFT_COMPILATION_MODE = wholemodule;
				SWIFT_OPTIMIZATION_LEVEL = "-O";
				VALIDATE_PRODUCT = YES;
			};
			name = Release;
		};
		7F209F5A278182FC00ACD8AC /* Debug */ = {
			isa = XCBuildConfiguration;
			buildSettings = {
				ASSETCATALOG_COMPILER_APPICON_NAME = AppIcon;
				ASSETCATALOG_COMPILER_GLOBAL_ACCENT_COLOR_NAME = AccentColor;
				CODE_SIGN_STYLE = Automatic;
				CURRENT_PROJECT_VERSION = 1;
				DEVELOPMENT_TEAM = ZQQANHR9MJ;
				GENERATE_INFOPLIST_FILE = YES;
				INFOPLIST_FILE = Spotify/Info.plist;
				INFOPLIST_KEY_UIApplicationSupportsIndirectInputEvents = YES;
				INFOPLIST_KEY_UILaunchStoryboardName = LaunchScreen;
				INFOPLIST_KEY_UISupportedInterfaceOrientations_iPad = "UIInterfaceOrientationPortrait UIInterfaceOrientationPortraitUpsideDown UIInterfaceOrientationLandscapeLeft UIInterfaceOrientationLandscapeRight";
				INFOPLIST_KEY_UISupportedInterfaceOrientations_iPhone = "UIInterfaceOrientationPortrait UIInterfaceOrientationLandscapeLeft UIInterfaceOrientationLandscapeRight";
				LD_RUNPATH_SEARCH_PATHS = (
					"$(inherited)",
					"@executable_path/Frameworks",
				);
				MARKETING_VERSION = 1.0;
				PRODUCT_BUNDLE_IDENTIFIER = com.gmail.iida19990106.Spotify;
				PRODUCT_NAME = "$(TARGET_NAME)";
				SWIFT_EMIT_LOC_STRINGS = YES;
				SWIFT_VERSION = 5.0;
				TARGETED_DEVICE_FAMILY = "1,2";
			};
			name = Debug;
		};
		7F209F5B278182FC00ACD8AC /* Release */ = {
			isa = XCBuildConfiguration;
			buildSettings = {
				ASSETCATALOG_COMPILER_APPICON_NAME = AppIcon;
				ASSETCATALOG_COMPILER_GLOBAL_ACCENT_COLOR_NAME = AccentColor;
				CODE_SIGN_STYLE = Automatic;
				CURRENT_PROJECT_VERSION = 1;
				DEVELOPMENT_TEAM = ZQQANHR9MJ;
				GENERATE_INFOPLIST_FILE = YES;
				INFOPLIST_FILE = Spotify/Info.plist;
				INFOPLIST_KEY_UIApplicationSupportsIndirectInputEvents = YES;
				INFOPLIST_KEY_UILaunchStoryboardName = LaunchScreen;
				INFOPLIST_KEY_UISupportedInterfaceOrientations_iPad = "UIInterfaceOrientationPortrait UIInterfaceOrientationPortraitUpsideDown UIInterfaceOrientationLandscapeLeft UIInterfaceOrientationLandscapeRight";
				INFOPLIST_KEY_UISupportedInterfaceOrientations_iPhone = "UIInterfaceOrientationPortrait UIInterfaceOrientationLandscapeLeft UIInterfaceOrientationLandscapeRight";
				LD_RUNPATH_SEARCH_PATHS = (
					"$(inherited)",
					"@executable_path/Frameworks",
				);
				MARKETING_VERSION = 1.0;
				PRODUCT_BUNDLE_IDENTIFIER = com.gmail.iida19990106.Spotify;
				PRODUCT_NAME = "$(TARGET_NAME)";
				SWIFT_EMIT_LOC_STRINGS = YES;
				SWIFT_VERSION = 5.0;
				TARGETED_DEVICE_FAMILY = "1,2";
			};
			name = Release;
		};
/* End XCBuildConfiguration section */

/* Begin XCConfigurationList section */
		7F209F40278182F300ACD8AC /* Build configuration list for PBXProject "Spotify" */ = {
			isa = XCConfigurationList;
			buildConfigurations = (
				7F209F57278182FC00ACD8AC /* Debug */,
				7F209F58278182FC00ACD8AC /* Release */,
			);
			defaultConfigurationIsVisible = 0;
			defaultConfigurationName = Release;
		};
		7F209F59278182FC00ACD8AC /* Build configuration list for PBXNativeTarget "Spotify" */ = {
			isa = XCConfigurationList;
			buildConfigurations = (
				7F209F5A278182FC00ACD8AC /* Debug */,
				7F209F5B278182FC00ACD8AC /* Release */,
			);
			defaultConfigurationIsVisible = 0;
			defaultConfigurationName = Release;
		};
/* End XCConfigurationList section */
	};
	rootObject = 7F209F3D278182F300ACD8AC /* Project object */;
}
